PackratFormat: 1.4
PackratVersion: 0.4.8.1
RVersion: 3.4.2
Repos: BioCsoft=https://bioconductor.org/packages/3.6/bioc,
    BioCann=https://bioconductor.org/packages/3.6/data/annotation,
    BioCexp=https://bioconductor.org/packages/3.6/data/experiment,
    CRAN=https://cran.rstudio.com

Package: BH
Source: CRAN
Version: 1.66.0-1
Hash: 4cc8883584b955ed01f38f68bc03af6d

Package: DBI
Source: CRAN
Version: 0.8
Hash: 9e4e11b4dd391a42d0ab5b0f2544ba61

Package: MASS
Source: CRAN
Version: 7.3-47
Hash: cef924b1619219cfc32edbb8a340e652

Package: Matrix
Source: CRAN
Version: 1.2-12
Hash: c134ceb3a533b93c266a93fd7e1b652c
Requires: lattice

Package: R6
Source: CRAN
Version: 2.2.2
Hash: b2366cd9d2f3851a5704b4e192b985c2

Package: RColorBrewer
Source: CRAN
Version: 1.1-2
Hash: c0d56cd15034f395874c870141870c25

Package: Rcpp
Source: CRAN
Version: 0.12.16
Hash: 8cc9dc88c11acdcf8a6dec4a0f1500bc

Package: assertthat
Source: CRAN
Version: 0.2.0
Hash: e8805df54c65ac96d50235c44a82615c

Package: aws.ec2metadata
Source: github
Version: 0.1.4
Hash: ee83dd02c738347c60546c3a5841fc38
Requires: curl, jsonlite
GithubRepo: aws.ec2metadata
GithubUsername: cloudyr
GithubRef: master
GithubSha1: 48384302231712054d21643fb7f8caa03a4da73b

Package: aws.s3
Source: github
Version: 0.3.12
Hash: 16245aac8b3856215d565ee284fa00aa
Requires: aws.signature, base64enc, digest, httr, xml2
GithubRepo: aws.s3
GithubUsername: cloudyr
GithubRef: master
GithubSha1: 51753d4bc4931a0b69b8a0d1088d10127e180a53

Package: aws.signature
Source: github
Version: 0.4.3
Hash: 546333a34d411f812e0224347f34662e
Requires: base64enc, digest
GithubRepo: aws.signature
GithubUsername: cloudyr
GithubRef: master
GithubSha1: c0259f18f81bd687853cbc3c3c84331d41344c91

Package: backports
Source: CRAN
Version: 1.1.1
Hash: add136c9d4540b96290e9cc438763da7

Package: base64enc
Source: CRAN
Version: 0.1-3
Hash: c590d29e555926af053055e23ee79efb

Package: bindr
Source: CRAN
Version: 0.1
Hash: e3a02070cf705d3ad1c5af1635a515a3

Package: bindrcpp
Source: CRAN
Version: 0.2
Hash: 6ef3d65e20b4399fd863f33f494173c3
Requires: Rcpp, bindr, plogr

Package: bit
Source: CRAN
Version: 1.1-12
Hash: a4cdb11cf9fd6dd38f9f40c413b81e93

Package: bit64
Source: CRAN
Version: 0.9-7
Hash: 4b195615d19ba49c114eb04e09e30a96
Requires: bit

Package: blob
Source: CRAN
Version: 1.1.1
Hash: 532700d8073e660dce40a984900bc647
Requires: prettyunits

Package: cli
Source: CRAN
Version: 1.0.0
Hash: f4239f89feb7ddc65821e4514e9734ae
Requires: assertthat, crayon

Package: colorspace
Source: CRAN
Version: 1.3-2
Hash: 0bf8618b585fa98eb23414cd3ab95118

Package: crayon
Source: CRAN
Version: 1.3.4
Hash: ff2840dd9b0d563fc80377a5a45510cd

Package: crosstalk
Source: CRAN
Version: 1.0.0
Hash: c13adea5906fbe2becfcb5f843b26749
Requires: R6, ggplot2, htmltools, jsonlite, lazyeval, shiny

Package: curl
Source: CRAN
Version: 3.2
Hash: e3318ec2d42d15a38485bab047d114ba

Package: data.table
Source: CRAN
Version: 1.10.4-3
Hash: 3c270a59ca3298aba8df3c1ae3bbea19

Package: dichromat
Source: CRAN
Version: 2.0-0
Hash: 08eed0c80510af29bb15f840ccfe37ce

Package: digest
Source: CRAN
Version: 0.6.15
Hash: 1f202ebd812ac7192be3739245746a13

Package: dplyr
Source: CRAN
Version: 0.7.4
Hash: 223286ededf5b733163aada4b0fe635c
Requires: BH, R6, Rcpp, assertthat, bindrcpp, glue, magrittr,
    pkgconfig, plogr, rlang, tibble

Package: evaluate
Source: CRAN
Version: 0.10.1
Hash: 54d95f4ec6d0300100413ed0127d89ae
Requires: stringr

Package: ggplot2
Source: github
Version: 2.2.1.9000
Hash: dcdb96925574e3480fc5ef19ddcf36de
Requires: MASS, digest, gtable, lazyeval, mgcv, plyr, reshape2, rlang,
    scales, tibble, viridisLite, withr
GithubRepo: ggplot2
GithubUsername: hadley
GithubRef: master
GithubSha1: 2495ba23ee34ecd57330a3e8af1f9d089a5f3374

Package: glue
Source: CRAN
Version: 1.2.0
Hash: 381e42baedecc633c0e547a0c7ca9de7

Package: gtable
Source: CRAN
Version: 0.2.0
Hash: cd78381a9d3fea966ac39bd0daaf5554

Package: hexbin
Source: CRAN
Version: 1.27.1
Hash: 378383b2c37556649fd6b2ee0be7e2a5
Requires: lattice

Package: highr
Source: CRAN
Version: 0.6
Hash: aa3d5b7912b5fed4b546ed5cd2a1760b

Package: hms
Source: CRAN
Version: 0.4.0
Hash: 05d6cc09cc4ea93b9459734ff885e5f9
Requires: pkgconfig, rlang

Package: htmltools
Source: CRAN
Version: 0.3.6
Hash: 358f767a496785afb8426c3abc8b6471
Requires: Rcpp, digest

Package: htmlwidgets
Source: CRAN
Version: 1.2
Hash: de18b75f31630089b22e30d4b188cfbe
Requires: htmltools, jsonlite, yaml

Package: httpuv
Source: CRAN
Version: 1.4.1
Hash: a8f5b3ae4eff5143a1f4eef7bc50d2fe
Requires: BH, Rcpp, later, promises

Package: httr
Source: CRAN
Version: 1.3.1
Hash: 2d32e01e53d532c812052e27a1021441
Requires: R6, curl, jsonlite, mime, openssl

Package: jsonlite
Source: CRAN
Version: 1.5
Hash: 9c51936d8dd00b2f1d4fe9d10499694c

Package: knitr
Source: CRAN
Version: 1.20
Hash: 9c6b215d1d02b97586c8232e94533e6a
Requires: evaluate, highr, markdown, stringr, yaml

Package: labeling
Source: CRAN
Version: 0.3
Hash: ecf589b42cd284b03a4beb9665482d3e

Package: later
Source: CRAN
Version: 0.7.1
Hash: a7c918548e0bc57bb7a223508c737d71
Requires: BH, Rcpp, rlang

Package: lattice
Source: CRAN
Version: 0.20-35
Hash: 26b9d7f0d0cb4e1d1bbb97f867c82d89

Package: lazyeval
Source: CRAN
Version: 0.2.1
Hash: 88926ad9c43581fd0822a37c8ed09f05

Package: lubridate
Source: CRAN
Version: 1.7.1
Hash: 45ff18efc9e7eb14628f10a983006aa1
Requires: Rcpp, stringr

Package: magrittr
Source: CRAN
Version: 1.5
Hash: bdc4d48c3135e8f3b399536ddf160df4

Package: markdown
Source: CRAN
Version: 0.8
Hash: 045d7c594d503b41f1c28946d076c8aa
Requires: mime

Package: mgcv
Source: CRAN
Version: 1.8-22
Hash: ce8966e5576ec881696013bc4acc7d97
Requires: Matrix, nlme

Package: mime
Source: CRAN
Version: 0.5
Hash: 463550cf44fb6f0a2359368f42eebe62

Package: munsell
Source: CRAN
Version: 0.4.3
Hash: f96d896947fcaf9b6d0074002e9f4f9d
Requires: colorspace

Package: nlme
Source: CRAN
Version: 3.1-131
Hash: 7f5580f9c481d6921298f224c391b308
Requires: lattice

Package: odbc
Source: CRAN
Version: 1.1.5
Hash: 6c142180bb16c358799f57fd34b4c4be
Requires: BH, DBI, Rcpp, bit64, blob, hms

Package: openssl
Source: CRAN
Version: 0.9.9
Hash: 3858537ac10388a5db1687450908f257

Package: packrat
Source: CRAN
Version: 0.4.8-1
Hash: 6ad605ba7b4b476d84be6632393f5765

Package: pkgconfig
Source: CRAN
Version: 2.0.1
Hash: 0dda4a2654a22b36a715c2b0b6fbacac

Package: plogr
Source: CRAN
Version: 0.1-1
Hash: fb19215402e2d9f1c7f803dcaa806fc2

Package: plotly
Source: CRAN
Version: 4.7.1
Hash: 18d2de809bf346363cd4ee7a587d58bf
Requires: RColorBrewer, base64enc, crosstalk, data.table, digest,
    dplyr, ggplot2, hexbin, htmltools, htmlwidgets, httr, jsonlite,
    lazyeval, magrittr, purrr, scales, tibble, tidyr, viridisLite

Package: plyr
Source: CRAN
Version: 1.8.4
Hash: 2d09eea8a6bcac8e61b6a8728917b877
Requires: Rcpp

Package: praise
Source: CRAN
Version: 1.0.0
Hash: 77da8f1df873a4b91e5c4a68fe2fb1b6

Package: prettyunits
Source: CRAN
Version: 1.0.2
Hash: 49286102a855640daaa38eafe8b1ec30
Requires: assertthat, magrittr

Package: promises
Source: CRAN
Version: 1.0.1
Hash: 6dfc334ebb6374630084e676c96a9d71
Requires: R6, Rcpp, later, magrittr, rlang

Package: purrr
Source: CRAN
Version: 0.2.4
Hash: a80b244ccd3fdb33a0ff2be3c50dd648
Requires: magrittr, rlang, tibble

Package: readr
Source: CRAN
Version: 1.1.1
Hash: 70f2df9a128697b88134875a72dfd322
Requires: BH, R6, Rcpp, hms, tibble

Package: reshape2
Source: CRAN
Version: 1.4.2
Hash: 5f3a594059f93af8321a21df1174a429
Requires: Rcpp, plyr, stringr

Package: rlang
Source: github
Version: 0.2.0.9001
Hash: 478e5798690730412a6c104a99faf815
GithubRepo: rlang
GithubUsername: r-lib
GithubRef: master
GithubSha1: 82b27278d743387c6d0dabc91d878d4af64a9d00

Package: rmarkdown
Source: CRAN
Version: 1.8
Hash: 2a7842e3cee62a79dd737d17e9e9d86b
Requires: base64enc, evaluate, htmltools, jsonlite, knitr, mime,
    rprojroot, stringr, yaml

Package: rpivotTable
Source: CRAN
Version: 0.2.0
Hash: 0f7122292906226597d34da3dab287a6
Requires: htmlwidgets

Package: rprojroot
Source: CRAN
Version: 1.2
Hash: fdcac51a7f47decd60556ceefc3c26b1
Requires: backports

Package: s3tools
Source: github
Version: 0.0.3
Hash: e9f4e0af9d16e70edc205b5b29e56442
Requires: aws.ec2metadata, aws.s3, aws.signature, digest, httr,
    jsonlite
GithubRepo: s3tools
GithubUsername: moj-analytical-services
GithubRef: master
GithubSha1: 53f111bc0c32bd5570c80ac18b7c517ac0451cd1

Package: scales
Source: github
Version: 0.5.0.9000
Hash: 1c1112cf868be8b6798a15e89d77e113
Requires: R6, RColorBrewer, Rcpp, dichromat, labeling, munsell, plyr,
    viridisLite
GithubRepo: scales
GithubUsername: hadley
GithubRef: master
GithubSha1: d76791529be802ff84bf9a343347335d58e03b1f

Package: shiny
Source: CRAN
Version: 1.0.5
Hash: 4d47532a807122bfd6bc3818310f9d2e
Requires: R6, digest, htmltools, httpuv, jsonlite, mime, sourcetools,
    xtable

Package: shinyTree
Source: CRAN
Version: 0.2.2
Hash: c5342773ab822656db968efe156a2c69
Requires: shiny

Package: shinyWidgets
Source: CRAN
Version: 0.4.0
Hash: ec30ffb4a896703e76b9d1d830eff707
Requires: htmltools, jsonlite, shiny

Package: sourcetools
Source: CRAN
Version: 0.1.6
Hash: 226d56d7469587da40b0f96180e711b4

Package: stringi
Source: CRAN
Version: 1.1.7
Hash: d3dbb18da9a7b73a5b59416e33ad2cbd

Package: stringr
Source: CRAN
Version: 1.3.0
Hash: b2801fdc391caef2335dbdb1064836bb
Requires: glue, magrittr, stringi

Package: testthat
Source: CRAN
Version: 2.0.0
Hash: 537114b476376c5773bf3c557f5bbd19
Requires: R6, cli, crayon, digest, magrittr, praise, rlang, withr

Package: tibble
Source: CRAN
Version: 1.3.4
Hash: c3ad727e8e1a57c4179757d7f1ec80b0
Requires: Rcpp, rlang

Package: tidyr
Source: CRAN
Version: 0.7.2
Hash: bc4f27e4d0098707667c36f57acbf243
Requires: Rcpp, dplyr, glue, magrittr, purrr, rlang, stringi, tibble,
    tidyselect

Package: tidyselect
Source: CRAN
Version: 0.2.3
Hash: 345dd170010db85668ce7bd107b148d3
Requires: Rcpp, glue, purrr, rlang

Package: viridisLite
Source: CRAN
Version: 0.3.0
Hash: 78bb072c4f9e729a283d4c40ec93f9c6

Package: withr
Source: CRAN
Version: 2.1.0
Hash: 097f730987c2dc13d421b65bf01ddf08
Requires: lattice

Package: xml2
Source: CRAN
Version: 1.2.0
Hash: 24c1c4ee4b654065c8db42d36a6785a8
Requires: Rcpp

Package: xtable
Source: CRAN
Version: 1.8-2
Hash: 7293235cfcc14cdff1ce7fd1a0212031

Package: yaml
Source: CRAN
Version: 2.1.18
Hash: 28c7e28c239d7a1d1bd579390bab89bd
